
Microsoft Visual Studio Solution File, Format Version 12.00
# Visual Studio Version 17
VisualStudioVersion = 17.2.32526.322
MinimumVisualStudioVersion = 10.0.40219.1
Project("{9A19103F-16F7-4668-BE54-9A1E7A4F7556}") = "User.Service", "User.Service\User.Service.csproj", "{5270AD2F-A94B-4FF3-B1CD-2500D7C3F077}"
EndProject
Global
	GlobalSection(SolutionConfigurationPlatforms) = preSolution
		Debug|Any CPU = Debug|Any CPU
		Release|Any CPU = Release|Any CPU
	EndGlobalSection
	GlobalSection(ProjectConfigurationPlatforms) = postSolution
		{5270AD2F-A94B-4FF3-B1CD-2500D7C3F077}.Debug|Any CPU.ActiveCfg = Debug|Any CPU
		{5270AD2F-A94B-4FF3-B1CD-2500D7C3F077}.Debug|Any CPU.Build.0 = Debug|Any CPU
		{5270AD2F-A94B-4FF3-B1CD-2500D7C3F077}.Release|Any CPU.ActiveCfg = Release|Any CPU
		{5270AD2F-A94B-4FF3-B1CD-2500D7C3F077}.Release|Any CPU.Build.0 = Release|Any CPU
	EndGlobalSection
	GlobalSection(SolutionProperties) = preSolution
		HideSolutionNode = FALSE
	EndGlobalSection
	GlobalSection(ExtensibilityGlobals) = postSolution
		SolutionGuid = {9FB20598-8B70-4B43-93A4-FC5785DE19E5}
	EndGlobalSection
EndGlobal
